{
  "name": "@stm32p103/dom-event-service",
  "version": "0.0.2",
  "lockfileVersion": 1,
  "requires": true,
  "dependencies": {
    "@stm32p103/browser-utilities": {
      "version": "0.0.2",
      "resolved": "https://npm.pkg.github.com/download/@stm32p103/browser-utilities/0.0.2/afd60268ecb82d2f821f7718871bf4b917125806b7461567f9b0d00da9011e05",
      "integrity": "sha512-F52ZISEcxylTq641+3UhCFxs/njzz5PITjF0rWAKd2Av1CXNUdLzXO+2iKmK5Gg6L/Xfip0xKXCUu5kqw7V3vg==",
      "requires": {
        "rxjs": "^6.0.0"
      }
    },
    "rxjs": {
      "version": "6.6.2",
      "resolved": "https://registry.npmjs.org/rxjs/-/rxjs-6.6.2.tgz",
      "integrity": "sha512-BHdBMVoWC2sL26w//BCu3YzKT4s2jip/WhwsGEDmeKYBhKDZeYezVUnHatYB7L85v5xs0BAQmg6BEYJEKxBabg==",
      "requires": {
        "tslib": "^1.9.0"
      },
      "dependencies": {
        "tslib": {
          "version": "1.13.0",
          "resolved": "https://registry.npmjs.org/tslib/-/tslib-1.13.0.tgz",
          "integrity": "sha512-i/6DQjL8Xf3be4K/E6Wgpekn5Qasl1usyw++dAA35Ue5orEn65VIxOA+YvNNl9HV3qv70T7CNwjODHZrLwvd1Q=="
        }
      }
    }
  }
}
